
Microsoft Visual Studio Solution File, Format Version 12.00
# Visual Studio Version 16
VisualStudioVersion = 16.0.31005.135
MinimumVisualStudioVersion = 10.0.40219.1
Project("{FAE04EC0-301F-11D3-BF4B-00C04F79EFBC}") = "Gerefrota", "Gerefrota\Gerefrota.csproj", "{7EC34F7C-7DE9-4BC6-B255-EC41E6FC5D5D}"
EndProject
Global
	GlobalSection(SolutionConfigurationPlatforms) = preSolution
		Debug|Any CPU = Debug|Any CPU
		Release|Any CPU = Release|Any CPU
	EndGlobalSection
	GlobalSection(ProjectConfigurationPlatforms) = postSolution
		{7EC34F7C-7DE9-4BC6-B255-EC41E6FC5D5D}.Debug|Any CPU.ActiveCfg = Debug|Any CPU
		{7EC34F7C-7DE9-4BC6-B255-EC41E6FC5D5D}.Debug|Any CPU.Build.0 = Debug|Any CPU
		{7EC34F7C-7DE9-4BC6-B255-EC41E6FC5D5D}.Release|Any CPU.ActiveCfg = Release|Any CPU
		{7EC34F7C-7DE9-4BC6-B255-EC41E6FC5D5D}.Release|Any CPU.Build.0 = Release|Any CPU
	EndGlobalSection
	GlobalSection(SolutionProperties) = preSolution
		HideSolutionNode = FALSE
	EndGlobalSection
	GlobalSection(ExtensibilityGlobals) = postSolution
		SolutionGuid = {1E4B2CE3-3C38-4AE4-BAE9-18C27DAB4F50}
	EndGlobalSection
EndGlobal
