
Microsoft Visual Studio Solution File, Format Version 12.00
# Visual Studio Version 16
VisualStudioVersion = 16.0.31005.135
MinimumVisualStudioVersion = 10.0.40219.1
Project("{9A19103F-16F7-4668-BE54-9A1E7A4F7556}") = "Gerefrota", "Gerefrota\Gerefrota.csproj", "{7EC34F7C-7DE9-4BC6-B255-EC41E6FC5D5D}"
EndProject
Project("{FAE04EC0-301F-11D3-BF4B-00C04F79EFBC}") = "Data", "Data\Data.csproj", "{C110CAE5-6E17-45EB-B606-3DF6067C701D}"
EndProject
Project("{FAE04EC0-301F-11D3-BF4B-00C04F79EFBC}") = "Domain", "Domain\Domain.csproj", "{9622BD84-BABA-49F9-B525-320C8D582F2A}"
EndProject
Project("{FAE04EC0-301F-11D3-BF4B-00C04F79EFBC}") = "Services", "Services\Services.csproj", "{52954468-F0D2-4E45-96F7-DA69F2D1744E}"
EndProject
Global
	GlobalSection(SolutionConfigurationPlatforms) = preSolution
		Debug|Any CPU = Debug|Any CPU
		Release|Any CPU = Release|Any CPU
	EndGlobalSection
	GlobalSection(ProjectConfigurationPlatforms) = postSolution
		{7EC34F7C-7DE9-4BC6-B255-EC41E6FC5D5D}.Debug|Any CPU.ActiveCfg = Debug|Any CPU
		{7EC34F7C-7DE9-4BC6-B255-EC41E6FC5D5D}.Debug|Any CPU.Build.0 = Debug|Any CPU
		{7EC34F7C-7DE9-4BC6-B255-EC41E6FC5D5D}.Release|Any CPU.ActiveCfg = Release|Any CPU
		{7EC34F7C-7DE9-4BC6-B255-EC41E6FC5D5D}.Release|Any CPU.Build.0 = Release|Any CPU
		{C110CAE5-6E17-45EB-B606-3DF6067C701D}.Debug|Any CPU.ActiveCfg = Debug|Any CPU
		{C110CAE5-6E17-45EB-B606-3DF6067C701D}.Debug|Any CPU.Build.0 = Debug|Any CPU
		{C110CAE5-6E17-45EB-B606-3DF6067C701D}.Release|Any CPU.ActiveCfg = Release|Any CPU
		{C110CAE5-6E17-45EB-B606-3DF6067C701D}.Release|Any CPU.Build.0 = Release|Any CPU
		{9622BD84-BABA-49F9-B525-320C8D582F2A}.Debug|Any CPU.ActiveCfg = Debug|Any CPU
		{9622BD84-BABA-49F9-B525-320C8D582F2A}.Debug|Any CPU.Build.0 = Debug|Any CPU
		{9622BD84-BABA-49F9-B525-320C8D582F2A}.Release|Any CPU.ActiveCfg = Release|Any CPU
		{9622BD84-BABA-49F9-B525-320C8D582F2A}.Release|Any CPU.Build.0 = Release|Any CPU
		{52954468-F0D2-4E45-96F7-DA69F2D1744E}.Debug|Any CPU.ActiveCfg = Debug|Any CPU
		{52954468-F0D2-4E45-96F7-DA69F2D1744E}.Debug|Any CPU.Build.0 = Debug|Any CPU
		{52954468-F0D2-4E45-96F7-DA69F2D1744E}.Release|Any CPU.ActiveCfg = Release|Any CPU
		{52954468-F0D2-4E45-96F7-DA69F2D1744E}.Release|Any CPU.Build.0 = Release|Any CPU
	EndGlobalSection
	GlobalSection(SolutionProperties) = preSolution
		HideSolutionNode = FALSE
	EndGlobalSection
	GlobalSection(ExtensibilityGlobals) = postSolution
		SolutionGuid = {1E4B2CE3-3C38-4AE4-BAE9-18C27DAB4F50}
	EndGlobalSection
EndGlobal
